
Microsoft Visual Studio Solution File, Format Version 9.00
# Visual Studio 2005
Project("{8BC9CEB8-8B4A-11D0-8D11-00A0C91BC942}") = "Network", "Network\Network.vcproj", "{B8985BD8-A560-49B7-B009-D54FB43AFC54}"
EndProject
Project("{8BC9CEB8-8B4A-11D0-8D11-00A0C91BC942}") = "Xregion", "Xregion\Xregion.vcproj", "{1035180D-90B2-45B1-BAAC-F4C0388458F8}"
EndProject
Project("{8BC9CEB8-8B4A-11D0-8D11-00A0C91BC942}") = "rdr", "rdr\rdr.vcproj", "{6406B18D-8DC9-4F70-8EF3-BC36A1325071}"
EndProject
Project("{8BC9CEB8-8B4A-11D0-8D11-00A0C91BC942}") = "rfb", "rfb\rfb.vcproj", "{6FEE7907-3E46-4957-954F-EC46CC259FEC}"
	ProjectSection(ProjectDependencies) = postProject
		{1035180D-90B2-45B1-BAAC-F4C0388458F8} = {1035180D-90B2-45B1-BAAC-F4C0388458F8}
		{6406B18D-8DC9-4F70-8EF3-BC36A1325071} = {6406B18D-8DC9-4F70-8EF3-BC36A1325071}
	EndProjectSection
EndProject
Project("{8BC9CEB8-8B4A-11D0-8D11-00A0C91BC942}") = "rfb_wince", "rfb_wince\rfb_wince.vcproj", "{835DA29E-91A8-4784-ACA5-BEB58FF28087}"
	ProjectSection(ProjectDependencies) = postProject
		{6FEE7907-3E46-4957-954F-EC46CC259FEC} = {6FEE7907-3E46-4957-954F-EC46CC259FEC}
	EndProjectSection
EndProject
Project("{8BC9CEB8-8B4A-11D0-8D11-00A0C91BC942}") = "vncconfig", "vncconfig\vncconfig.vcproj", "{F3C2EDCA-2438-4DD3-8D2D-1FB4FEF19397}"
	ProjectSection(ProjectDependencies) = postProject
		{B8985BD8-A560-49B7-B009-D54FB43AFC54} = {B8985BD8-A560-49B7-B009-D54FB43AFC54}
		{6FEE7907-3E46-4957-954F-EC46CC259FEC} = {6FEE7907-3E46-4957-954F-EC46CC259FEC}
		{835DA29E-91A8-4784-ACA5-BEB58FF28087} = {835DA29E-91A8-4784-ACA5-BEB58FF28087}
		{1035180D-90B2-45B1-BAAC-F4C0388458F8} = {1035180D-90B2-45B1-BAAC-F4C0388458F8}
	EndProjectSection
EndProject
Project("{8BC9CEB8-8B4A-11D0-8D11-00A0C91BC942}") = "winvnc", "winvnc\winvnc.vcproj", "{7F19A1E0-EE2D-453F-976E-C82AA23DFC1B}"
	ProjectSection(ProjectDependencies) = postProject
		{1035180D-90B2-45B1-BAAC-F4C0388458F8} = {1035180D-90B2-45B1-BAAC-F4C0388458F8}
		{BC5D0C3B-F41C-46E5-A177-1E27FDEB61ED} = {BC5D0C3B-F41C-46E5-A177-1E27FDEB61ED}
		{B8985BD8-A560-49B7-B009-D54FB43AFC54} = {B8985BD8-A560-49B7-B009-D54FB43AFC54}
		{835DA29E-91A8-4784-ACA5-BEB58FF28087} = {835DA29E-91A8-4784-ACA5-BEB58FF28087}
	EndProjectSection
EndProject
Project("{8BC9CEB8-8B4A-11D0-8D11-00A0C91BC942}") = "zlib", "zlib\zlib.vcproj", "{BC5D0C3B-F41C-46E5-A177-1E27FDEB61ED}"
EndProject
Global
	GlobalSection(SolutionConfigurationPlatforms) = preSolution
		Debug|GESBC9G20 (ARMV4I) = Debug|GESBC9G20 (ARMV4I)
		Debug|Platform Builder (_TGTCPU) = Debug|Platform Builder (_TGTCPU)
		Debug|Pocket PC 2003 (ARMV4) = Debug|Pocket PC 2003 (ARMV4)
		Debug|Smartphone 2003 (ARMV4) = Debug|Smartphone 2003 (ARMV4)
		Debug|STANDARDSDK_500 (x86) = Debug|STANDARDSDK_500 (x86)
		Release|GESBC9G20 (ARMV4I) = Release|GESBC9G20 (ARMV4I)
		Release|Platform Builder (_TGTCPU) = Release|Platform Builder (_TGTCPU)
		Release|Pocket PC 2003 (ARMV4) = Release|Pocket PC 2003 (ARMV4)
		Release|Smartphone 2003 (ARMV4) = Release|Smartphone 2003 (ARMV4)
		Release|STANDARDSDK_500 (x86) = Release|STANDARDSDK_500 (x86)
	EndGlobalSection
	GlobalSection(ProjectConfigurationPlatforms) = postSolution
		{B8985BD8-A560-49B7-B009-D54FB43AFC54}.Debug|GESBC9G20 (ARMV4I).ActiveCfg = Debug|GESBC9G20 (ARMV4I)
		{B8985BD8-A560-49B7-B009-D54FB43AFC54}.Debug|GESBC9G20 (ARMV4I).Build.0 = Debug|GESBC9G20 (ARMV4I)
		{B8985BD8-A560-49B7-B009-D54FB43AFC54}.Debug|GESBC9G20 (ARMV4I).Deploy.0 = Debug|GESBC9G20 (ARMV4I)
		{B8985BD8-A560-49B7-B009-D54FB43AFC54}.Debug|Platform Builder (_TGTCPU).ActiveCfg = Debug|Pocket PC 2003 (ARMV4)
		{B8985BD8-A560-49B7-B009-D54FB43AFC54}.Debug|Pocket PC 2003 (ARMV4).ActiveCfg = Debug|Pocket PC 2003 (ARMV4)
		{B8985BD8-A560-49B7-B009-D54FB43AFC54}.Debug|Pocket PC 2003 (ARMV4).Build.0 = Debug|Pocket PC 2003 (ARMV4)
		{B8985BD8-A560-49B7-B009-D54FB43AFC54}.Debug|Pocket PC 2003 (ARMV4).Deploy.0 = Debug|Pocket PC 2003 (ARMV4)
		{B8985BD8-A560-49B7-B009-D54FB43AFC54}.Debug|Smartphone 2003 (ARMV4).ActiveCfg = Debug|Smartphone 2003 (ARMV4)
		{B8985BD8-A560-49B7-B009-D54FB43AFC54}.Debug|Smartphone 2003 (ARMV4).Build.0 = Debug|Smartphone 2003 (ARMV4)
		{B8985BD8-A560-49B7-B009-D54FB43AFC54}.Debug|Smartphone 2003 (ARMV4).Deploy.0 = Debug|Smartphone 2003 (ARMV4)
		{B8985BD8-A560-49B7-B009-D54FB43AFC54}.Debug|STANDARDSDK_500 (x86).ActiveCfg = Debug|STANDARDSDK_500 (x86)
		{B8985BD8-A560-49B7-B009-D54FB43AFC54}.Debug|STANDARDSDK_500 (x86).Build.0 = Debug|STANDARDSDK_500 (x86)
		{B8985BD8-A560-49B7-B009-D54FB43AFC54}.Debug|STANDARDSDK_500 (x86).Deploy.0 = Debug|STANDARDSDK_500 (x86)
		{B8985BD8-A560-49B7-B009-D54FB43AFC54}.Release|GESBC9G20 (ARMV4I).ActiveCfg = Release|GESBC9G20 (ARMV4I)
		{B8985BD8-A560-49B7-B009-D54FB43AFC54}.Release|GESBC9G20 (ARMV4I).Build.0 = Release|GESBC9G20 (ARMV4I)
		{B8985BD8-A560-49B7-B009-D54FB43AFC54}.Release|GESBC9G20 (ARMV4I).Deploy.0 = Release|GESBC9G20 (ARMV4I)
		{B8985BD8-A560-49B7-B009-D54FB43AFC54}.Release|Platform Builder (_TGTCPU).ActiveCfg = Release|Pocket PC 2003 (ARMV4)
		{B8985BD8-A560-49B7-B009-D54FB43AFC54}.Release|Pocket PC 2003 (ARMV4).ActiveCfg = Release|Pocket PC 2003 (ARMV4)
		{B8985BD8-A560-49B7-B009-D54FB43AFC54}.Release|Pocket PC 2003 (ARMV4).Build.0 = Release|Pocket PC 2003 (ARMV4)
		{B8985BD8-A560-49B7-B009-D54FB43AFC54}.Release|Pocket PC 2003 (ARMV4).Deploy.0 = Release|Pocket PC 2003 (ARMV4)
		{B8985BD8-A560-49B7-B009-D54FB43AFC54}.Release|Smartphone 2003 (ARMV4).ActiveCfg = Release|Smartphone 2003 (ARMV4)
		{B8985BD8-A560-49B7-B009-D54FB43AFC54}.Release|Smartphone 2003 (ARMV4).Build.0 = Release|Smartphone 2003 (ARMV4)
		{B8985BD8-A560-49B7-B009-D54FB43AFC54}.Release|Smartphone 2003 (ARMV4).Deploy.0 = Release|Smartphone 2003 (ARMV4)
		{B8985BD8-A560-49B7-B009-D54FB43AFC54}.Release|STANDARDSDK_500 (x86).ActiveCfg = Release|STANDARDSDK_500 (x86)
		{B8985BD8-A560-49B7-B009-D54FB43AFC54}.Release|STANDARDSDK_500 (x86).Build.0 = Release|STANDARDSDK_500 (x86)
		{B8985BD8-A560-49B7-B009-D54FB43AFC54}.Release|STANDARDSDK_500 (x86).Deploy.0 = Release|STANDARDSDK_500 (x86)
		{1035180D-90B2-45B1-BAAC-F4C0388458F8}.Debug|GESBC9G20 (ARMV4I).ActiveCfg = Debug|GESBC9G20 (ARMV4I)
		{1035180D-90B2-45B1-BAAC-F4C0388458F8}.Debug|GESBC9G20 (ARMV4I).Build.0 = Debug|GESBC9G20 (ARMV4I)
		{1035180D-90B2-45B1-BAAC-F4C0388458F8}.Debug|GESBC9G20 (ARMV4I).Deploy.0 = Debug|GESBC9G20 (ARMV4I)
		{1035180D-90B2-45B1-BAAC-F4C0388458F8}.Debug|Platform Builder (_TGTCPU).ActiveCfg = Debug|Pocket PC 2003 (ARMV4)
		{1035180D-90B2-45B1-BAAC-F4C0388458F8}.Debug|Pocket PC 2003 (ARMV4).ActiveCfg = Debug|Pocket PC 2003 (ARMV4)
		{1035180D-90B2-45B1-BAAC-F4C0388458F8}.Debug|Pocket PC 2003 (ARMV4).Build.0 = Debug|Pocket PC 2003 (ARMV4)
		{1035180D-90B2-45B1-BAAC-F4C0388458F8}.Debug|Pocket PC 2003 (ARMV4).Deploy.0 = Debug|Pocket PC 2003 (ARMV4)
		{1035180D-90B2-45B1-BAAC-F4C0388458F8}.Debug|Smartphone 2003 (ARMV4).ActiveCfg = Debug|Smartphone 2003 (ARMV4)
		{1035180D-90B2-45B1-BAAC-F4C0388458F8}.Debug|Smartphone 2003 (ARMV4).Build.0 = Debug|Smartphone 2003 (ARMV4)
		{1035180D-90B2-45B1-BAAC-F4C0388458F8}.Debug|Smartphone 2003 (ARMV4).Deploy.0 = Debug|Smartphone 2003 (ARMV4)
		{1035180D-90B2-45B1-BAAC-F4C0388458F8}.Debug|STANDARDSDK_500 (x86).ActiveCfg = Debug|STANDARDSDK_500 (x86)
		{1035180D-90B2-45B1-BAAC-F4C0388458F8}.Debug|STANDARDSDK_500 (x86).Build.0 = Debug|STANDARDSDK_500 (x86)
		{1035180D-90B2-45B1-BAAC-F4C0388458F8}.Debug|STANDARDSDK_500 (x86).Deploy.0 = Debug|STANDARDSDK_500 (x86)
		{1035180D-90B2-45B1-BAAC-F4C0388458F8}.Release|GESBC9G20 (ARMV4I).ActiveCfg = Release|GESBC9G20 (ARMV4I)
		{1035180D-90B2-45B1-BAAC-F4C0388458F8}.Release|GESBC9G20 (ARMV4I).Build.0 = Release|GESBC9G20 (ARMV4I)
		{1035180D-90B2-45B1-BAAC-F4C0388458F8}.Release|GESBC9G20 (ARMV4I).Deploy.0 = Release|GESBC9G20 (ARMV4I)
		{1035180D-90B2-45B1-BAAC-F4C0388458F8}.Release|Platform Builder (_TGTCPU).ActiveCfg = Release|Pocket PC 2003 (ARMV4)
		{1035180D-90B2-45B1-BAAC-F4C0388458F8}.Release|Pocket PC 2003 (ARMV4).ActiveCfg = Release|Pocket PC 2003 (ARMV4)
		{1035180D-90B2-45B1-BAAC-F4C0388458F8}.Release|Pocket PC 2003 (ARMV4).Build.0 = Release|Pocket PC 2003 (ARMV4)
		{1035180D-90B2-45B1-BAAC-F4C0388458F8}.Release|Pocket PC 2003 (ARMV4).Deploy.0 = Release|Pocket PC 2003 (ARMV4)
		{1035180D-90B2-45B1-BAAC-F4C0388458F8}.Release|Smartphone 2003 (ARMV4).ActiveCfg = Release|Smartphone 2003 (ARMV4)
		{1035180D-90B2-45B1-BAAC-F4C0388458F8}.Release|Smartphone 2003 (ARMV4).Build.0 = Release|Smartphone 2003 (ARMV4)
		{1035180D-90B2-45B1-BAAC-F4C0388458F8}.Release|Smartphone 2003 (ARMV4).Deploy.0 = Release|Smartphone 2003 (ARMV4)
		{1035180D-90B2-45B1-BAAC-F4C0388458F8}.Release|STANDARDSDK_500 (x86).ActiveCfg = Release|STANDARDSDK_500 (x86)
		{1035180D-90B2-45B1-BAAC-F4C0388458F8}.Release|STANDARDSDK_500 (x86).Build.0 = Release|STANDARDSDK_500 (x86)
		{1035180D-90B2-45B1-BAAC-F4C0388458F8}.Release|STANDARDSDK_500 (x86).Deploy.0 = Release|STANDARDSDK_500 (x86)
		{6406B18D-8DC9-4F70-8EF3-BC36A1325071}.Debug|GESBC9G20 (ARMV4I).ActiveCfg = Debug|GESBC9G20 (ARMV4I)
		{6406B18D-8DC9-4F70-8EF3-BC36A1325071}.Debug|GESBC9G20 (ARMV4I).Build.0 = Debug|GESBC9G20 (ARMV4I)
		{6406B18D-8DC9-4F70-8EF3-BC36A1325071}.Debug|GESBC9G20 (ARMV4I).Deploy.0 = Debug|GESBC9G20 (ARMV4I)
		{6406B18D-8DC9-4F70-8EF3-BC36A1325071}.Debug|Platform Builder (_TGTCPU).ActiveCfg = Debug|Pocket PC 2003 (ARMV4)
		{6406B18D-8DC9-4F70-8EF3-BC36A1325071}.Debug|Pocket PC 2003 (ARMV4).ActiveCfg = Debug|Pocket PC 2003 (ARMV4)
		{6406B18D-8DC9-4F70-8EF3-BC36A1325071}.Debug|Pocket PC 2003 (ARMV4).Build.0 = Debug|Pocket PC 2003 (ARMV4)
		{6406B18D-8DC9-4F70-8EF3-BC36A1325071}.Debug|Pocket PC 2003 (ARMV4).Deploy.0 = Debug|Pocket PC 2003 (ARMV4)
		{6406B18D-8DC9-4F70-8EF3-BC36A1325071}.Debug|Smartphone 2003 (ARMV4).ActiveCfg = Debug|Smartphone 2003 (ARMV4)
		{6406B18D-8DC9-4F70-8EF3-BC36A1325071}.Debug|Smartphone 2003 (ARMV4).Build.0 = Debug|Smartphone 2003 (ARMV4)
		{6406B18D-8DC9-4F70-8EF3-BC36A1325071}.Debug|Smartphone 2003 (ARMV4).Deploy.0 = Debug|Smartphone 2003 (ARMV4)
		{6406B18D-8DC9-4F70-8EF3-BC36A1325071}.Debug|STANDARDSDK_500 (x86).ActiveCfg = Debug|STANDARDSDK_500 (x86)
		{6406B18D-8DC9-4F70-8EF3-BC36A1325071}.Debug|STANDARDSDK_500 (x86).Build.0 = Debug|STANDARDSDK_500 (x86)
		{6406B18D-8DC9-4F70-8EF3-BC36A1325071}.Debug|STANDARDSDK_500 (x86).Deploy.0 = Debug|STANDARDSDK_500 (x86)
		{6406B18D-8DC9-4F70-8EF3-BC36A1325071}.Release|GESBC9G20 (ARMV4I).ActiveCfg = Release|GESBC9G20 (ARMV4I)
		{6406B18D-8DC9-4F70-8EF3-BC36A1325071}.Release|GESBC9G20 (ARMV4I).Build.0 = Release|GESBC9G20 (ARMV4I)
		{6406B18D-8DC9-4F70-8EF3-BC36A1325071}.Release|GESBC9G20 (ARMV4I).Deploy.0 = Release|GESBC9G20 (ARMV4I)
		{6406B18D-8DC9-4F70-8EF3-BC36A1325071}.Release|Platform Builder (_TGTCPU).ActiveCfg = Release|Pocket PC 2003 (ARMV4)
		{6406B18D-8DC9-4F70-8EF3-BC36A1325071}.Release|Pocket PC 2003 (ARMV4).ActiveCfg = Release|Pocket PC 2003 (ARMV4)
		{6406B18D-8DC9-4F70-8EF3-BC36A1325071}.Release|Pocket PC 2003 (ARMV4).Build.0 = Release|Pocket PC 2003 (ARMV4)
		{6406B18D-8DC9-4F70-8EF3-BC36A1325071}.Release|Pocket PC 2003 (ARMV4).Deploy.0 = Release|Pocket PC 2003 (ARMV4)
		{6406B18D-8DC9-4F70-8EF3-BC36A1325071}.Release|Smartphone 2003 (ARMV4).ActiveCfg = Release|Smartphone 2003 (ARMV4)
		{6406B18D-8DC9-4F70-8EF3-BC36A1325071}.Release|Smartphone 2003 (ARMV4).Build.0 = Release|Smartphone 2003 (ARMV4)
		{6406B18D-8DC9-4F70-8EF3-BC36A1325071}.Release|Smartphone 2003 (ARMV4).Deploy.0 = Release|Smartphone 2003 (ARMV4)
		{6406B18D-8DC9-4F70-8EF3-BC36A1325071}.Release|STANDARDSDK_500 (x86).ActiveCfg = Release|STANDARDSDK_500 (x86)
		{6406B18D-8DC9-4F70-8EF3-BC36A1325071}.Release|STANDARDSDK_500 (x86).Build.0 = Release|STANDARDSDK_500 (x86)
		{6406B18D-8DC9-4F70-8EF3-BC36A1325071}.Release|STANDARDSDK_500 (x86).Deploy.0 = Release|STANDARDSDK_500 (x86)
		{6FEE7907-3E46-4957-954F-EC46CC259FEC}.Debug|GESBC9G20 (ARMV4I).ActiveCfg = Debug|GESBC9G20 (ARMV4I)
		{6FEE7907-3E46-4957-954F-EC46CC259FEC}.Debug|GESBC9G20 (ARMV4I).Build.0 = Debug|GESBC9G20 (ARMV4I)
		{6FEE7907-3E46-4957-954F-EC46CC259FEC}.Debug|GESBC9G20 (ARMV4I).Deploy.0 = Debug|GESBC9G20 (ARMV4I)
		{6FEE7907-3E46-4957-954F-EC46CC259FEC}.Debug|Platform Builder (_TGTCPU).ActiveCfg = Debug|Pocket PC 2003 (ARMV4)
		{6FEE7907-3E46-4957-954F-EC46CC259FEC}.Debug|Pocket PC 2003 (ARMV4).ActiveCfg = Debug|Pocket PC 2003 (ARMV4)
		{6FEE7907-3E46-4957-954F-EC46CC259FEC}.Debug|Pocket PC 2003 (ARMV4).Build.0 = Debug|Pocket PC 2003 (ARMV4)
		{6FEE7907-3E46-4957-954F-EC46CC259FEC}.Debug|Pocket PC 2003 (ARMV4).Deploy.0 = Debug|Pocket PC 2003 (ARMV4)
		{6FEE7907-3E46-4957-954F-EC46CC259FEC}.Debug|Smartphone 2003 (ARMV4).ActiveCfg = Debug|Smartphone 2003 (ARMV4)
		{6FEE7907-3E46-4957-954F-EC46CC259FEC}.Debug|Smartphone 2003 (ARMV4).Build.0 = Debug|Smartphone 2003 (ARMV4)
		{6FEE7907-3E46-4957-954F-EC46CC259FEC}.Debug|Smartphone 2003 (ARMV4).Deploy.0 = Debug|Smartphone 2003 (ARMV4)
		{6FEE7907-3E46-4957-954F-EC46CC259FEC}.Debug|STANDARDSDK_500 (x86).ActiveCfg = Debug|STANDARDSDK_500 (x86)
		{6FEE7907-3E46-4957-954F-EC46CC259FEC}.Debug|STANDARDSDK_500 (x86).Build.0 = Debug|STANDARDSDK_500 (x86)
		{6FEE7907-3E46-4957-954F-EC46CC259FEC}.Debug|STANDARDSDK_500 (x86).Deploy.0 = Debug|STANDARDSDK_500 (x86)
		{6FEE7907-3E46-4957-954F-EC46CC259FEC}.Release|GESBC9G20 (ARMV4I).ActiveCfg = Release|GESBC9G20 (ARMV4I)
		{6FEE7907-3E46-4957-954F-EC46CC259FEC}.Release|GESBC9G20 (ARMV4I).Build.0 = Release|GESBC9G20 (ARMV4I)
		{6FEE7907-3E46-4957-954F-EC46CC259FEC}.Release|GESBC9G20 (ARMV4I).Deploy.0 = Release|GESBC9G20 (ARMV4I)
		{6FEE7907-3E46-4957-954F-EC46CC259FEC}.Release|Platform Builder (_TGTCPU).ActiveCfg = Release|Pocket PC 2003 (ARMV4)
		{6FEE7907-3E46-4957-954F-EC46CC259FEC}.Release|Pocket PC 2003 (ARMV4).ActiveCfg = Release|Pocket PC 2003 (ARMV4)
		{6FEE7907-3E46-4957-954F-EC46CC259FEC}.Release|Pocket PC 2003 (ARMV4).Build.0 = Release|Pocket PC 2003 (ARMV4)
		{6FEE7907-3E46-4957-954F-EC46CC259FEC}.Release|Pocket PC 2003 (ARMV4).Deploy.0 = Release|Pocket PC 2003 (ARMV4)
		{6FEE7907-3E46-4957-954F-EC46CC259FEC}.Release|Smartphone 2003 (ARMV4).ActiveCfg = Release|Smartphone 2003 (ARMV4)
		{6FEE7907-3E46-4957-954F-EC46CC259FEC}.Release|Smartphone 2003 (ARMV4).Build.0 = Release|Smartphone 2003 (ARMV4)
		{6FEE7907-3E46-4957-954F-EC46CC259FEC}.Release|Smartphone 2003 (ARMV4).Deploy.0 = Release|Smartphone 2003 (ARMV4)
		{6FEE7907-3E46-4957-954F-EC46CC259FEC}.Release|STANDARDSDK_500 (x86).ActiveCfg = Release|STANDARDSDK_500 (x86)
		{6FEE7907-3E46-4957-954F-EC46CC259FEC}.Release|STANDARDSDK_500 (x86).Build.0 = Release|STANDARDSDK_500 (x86)
		{6FEE7907-3E46-4957-954F-EC46CC259FEC}.Release|STANDARDSDK_500 (x86).Deploy.0 = Release|STANDARDSDK_500 (x86)
		{835DA29E-91A8-4784-ACA5-BEB58FF28087}.Debug|GESBC9G20 (ARMV4I).ActiveCfg = Debug|GESBC9G20 (ARMV4I)
		{835DA29E-91A8-4784-ACA5-BEB58FF28087}.Debug|GESBC9G20 (ARMV4I).Build.0 = Debug|GESBC9G20 (ARMV4I)
		{835DA29E-91A8-4784-ACA5-BEB58FF28087}.Debug|GESBC9G20 (ARMV4I).Deploy.0 = Debug|GESBC9G20 (ARMV4I)
		{835DA29E-91A8-4784-ACA5-BEB58FF28087}.Debug|Platform Builder (_TGTCPU).ActiveCfg = Debug|Pocket PC 2003 (ARMV4)
		{835DA29E-91A8-4784-ACA5-BEB58FF28087}.Debug|Pocket PC 2003 (ARMV4).ActiveCfg = Debug|Pocket PC 2003 (ARMV4)
		{835DA29E-91A8-4784-ACA5-BEB58FF28087}.Debug|Pocket PC 2003 (ARMV4).Build.0 = Debug|Pocket PC 2003 (ARMV4)
		{835DA29E-91A8-4784-ACA5-BEB58FF28087}.Debug|Pocket PC 2003 (ARMV4).Deploy.0 = Debug|Pocket PC 2003 (ARMV4)
		{835DA29E-91A8-4784-ACA5-BEB58FF28087}.Debug|Smartphone 2003 (ARMV4).ActiveCfg = Debug|Smartphone 2003 (ARMV4)
		{835DA29E-91A8-4784-ACA5-BEB58FF28087}.Debug|Smartphone 2003 (ARMV4).Build.0 = Debug|Smartphone 2003 (ARMV4)
		{835DA29E-91A8-4784-ACA5-BEB58FF28087}.Debug|Smartphone 2003 (ARMV4).Deploy.0 = Debug|Smartphone 2003 (ARMV4)
		{835DA29E-91A8-4784-ACA5-BEB58FF28087}.Debug|STANDARDSDK_500 (x86).ActiveCfg = Debug|STANDARDSDK_500 (x86)
		{835DA29E-91A8-4784-ACA5-BEB58FF28087}.Debug|STANDARDSDK_500 (x86).Build.0 = Debug|STANDARDSDK_500 (x86)
		{835DA29E-91A8-4784-ACA5-BEB58FF28087}.Debug|STANDARDSDK_500 (x86).Deploy.0 = Debug|STANDARDSDK_500 (x86)
		{835DA29E-91A8-4784-ACA5-BEB58FF28087}.Release|GESBC9G20 (ARMV4I).ActiveCfg = Release|GESBC9G20 (ARMV4I)
		{835DA29E-91A8-4784-ACA5-BEB58FF28087}.Release|GESBC9G20 (ARMV4I).Build.0 = Release|GESBC9G20 (ARMV4I)
		{835DA29E-91A8-4784-ACA5-BEB58FF28087}.Release|GESBC9G20 (ARMV4I).Deploy.0 = Release|GESBC9G20 (ARMV4I)
		{835DA29E-91A8-4784-ACA5-BEB58FF28087}.Release|Platform Builder (_TGTCPU).ActiveCfg = Release|Pocket PC 2003 (ARMV4)
		{835DA29E-91A8-4784-ACA5-BEB58FF28087}.Release|Pocket PC 2003 (ARMV4).ActiveCfg = Release|Pocket PC 2003 (ARMV4)
		{835DA29E-91A8-4784-ACA5-BEB58FF28087}.Release|Pocket PC 2003 (ARMV4).Build.0 = Release|Pocket PC 2003 (ARMV4)
		{835DA29E-91A8-4784-ACA5-BEB58FF28087}.Release|Pocket PC 2003 (ARMV4).Deploy.0 = Release|Pocket PC 2003 (ARMV4)
		{835DA29E-91A8-4784-ACA5-BEB58FF28087}.Release|Smartphone 2003 (ARMV4).ActiveCfg = Release|Smartphone 2003 (ARMV4)
		{835DA29E-91A8-4784-ACA5-BEB58FF28087}.Release|Smartphone 2003 (ARMV4).Build.0 = Release|Smartphone 2003 (ARMV4)
		{835DA29E-91A8-4784-ACA5-BEB58FF28087}.Release|Smartphone 2003 (ARMV4).Deploy.0 = Release|Smartphone 2003 (ARMV4)
		{835DA29E-91A8-4784-ACA5-BEB58FF28087}.Release|STANDARDSDK_500 (x86).ActiveCfg = Release|STANDARDSDK_500 (x86)
		{835DA29E-91A8-4784-ACA5-BEB58FF28087}.Release|STANDARDSDK_500 (x86).Build.0 = Release|STANDARDSDK_500 (x86)
		{835DA29E-91A8-4784-ACA5-BEB58FF28087}.Release|STANDARDSDK_500 (x86).Deploy.0 = Release|STANDARDSDK_500 (x86)
		{F3C2EDCA-2438-4DD3-8D2D-1FB4FEF19397}.Debug|GESBC9G20 (ARMV4I).ActiveCfg = Debug|GESBC9G20 (ARMV4I)
		{F3C2EDCA-2438-4DD3-8D2D-1FB4FEF19397}.Debug|GESBC9G20 (ARMV4I).Build.0 = Debug|GESBC9G20 (ARMV4I)
		{F3C2EDCA-2438-4DD3-8D2D-1FB4FEF19397}.Debug|GESBC9G20 (ARMV4I).Deploy.0 = Debug|GESBC9G20 (ARMV4I)
		{F3C2EDCA-2438-4DD3-8D2D-1FB4FEF19397}.Debug|Platform Builder (_TGTCPU).ActiveCfg = Debug|Pocket PC 2003 (ARMV4)
		{F3C2EDCA-2438-4DD3-8D2D-1FB4FEF19397}.Debug|Pocket PC 2003 (ARMV4).ActiveCfg = Debug|Pocket PC 2003 (ARMV4)
		{F3C2EDCA-2438-4DD3-8D2D-1FB4FEF19397}.Debug|Pocket PC 2003 (ARMV4).Build.0 = Debug|Pocket PC 2003 (ARMV4)
		{F3C2EDCA-2438-4DD3-8D2D-1FB4FEF19397}.Debug|Pocket PC 2003 (ARMV4).Deploy.0 = Debug|Pocket PC 2003 (ARMV4)
		{F3C2EDCA-2438-4DD3-8D2D-1FB4FEF19397}.Debug|Smartphone 2003 (ARMV4).ActiveCfg = Debug|Smartphone 2003 (ARMV4)
		{F3C2EDCA-2438-4DD3-8D2D-1FB4FEF19397}.Debug|Smartphone 2003 (ARMV4).Build.0 = Debug|Smartphone 2003 (ARMV4)
		{F3C2EDCA-2438-4DD3-8D2D-1FB4FEF19397}.Debug|Smartphone 2003 (ARMV4).Deploy.0 = Debug|Smartphone 2003 (ARMV4)
		{F3C2EDCA-2438-4DD3-8D2D-1FB4FEF19397}.Debug|STANDARDSDK_500 (x86).ActiveCfg = Debug|Smartphone 2003 (ARMV4)
		{F3C2EDCA-2438-4DD3-8D2D-1FB4FEF19397}.Release|GESBC9G20 (ARMV4I).ActiveCfg = Release|GESBC9G20 (ARMV4I)
		{F3C2EDCA-2438-4DD3-8D2D-1FB4FEF19397}.Release|GESBC9G20 (ARMV4I).Build.0 = Release|GESBC9G20 (ARMV4I)
		{F3C2EDCA-2438-4DD3-8D2D-1FB4FEF19397}.Release|GESBC9G20 (ARMV4I).Deploy.0 = Release|GESBC9G20 (ARMV4I)
		{F3C2EDCA-2438-4DD3-8D2D-1FB4FEF19397}.Release|Platform Builder (_TGTCPU).ActiveCfg = Release|Pocket PC 2003 (ARMV4)
		{F3C2EDCA-2438-4DD3-8D2D-1FB4FEF19397}.Release|Pocket PC 2003 (ARMV4).ActiveCfg = Release|Pocket PC 2003 (ARMV4)
		{F3C2EDCA-2438-4DD3-8D2D-1FB4FEF19397}.Release|Pocket PC 2003 (ARMV4).Build.0 = Release|Pocket PC 2003 (ARMV4)
		{F3C2EDCA-2438-4DD3-8D2D-1FB4FEF19397}.Release|Pocket PC 2003 (ARMV4).Deploy.0 = Release|Pocket PC 2003 (ARMV4)
		{F3C2EDCA-2438-4DD3-8D2D-1FB4FEF19397}.Release|Smartphone 2003 (ARMV4).ActiveCfg = Release|Smartphone 2003 (ARMV4)
		{F3C2EDCA-2438-4DD3-8D2D-1FB4FEF19397}.Release|Smartphone 2003 (ARMV4).Build.0 = Release|Smartphone 2003 (ARMV4)
		{F3C2EDCA-2438-4DD3-8D2D-1FB4FEF19397}.Release|Smartphone 2003 (ARMV4).Deploy.0 = Release|Smartphone 2003 (ARMV4)
		{F3C2EDCA-2438-4DD3-8D2D-1FB4FEF19397}.Release|STANDARDSDK_500 (x86).ActiveCfg = Release|Smartphone 2003 (ARMV4)
		{7F19A1E0-EE2D-453F-976E-C82AA23DFC1B}.Debug|GESBC9G20 (ARMV4I).ActiveCfg = Debug|GESBC9G20 (ARMV4I)
		{7F19A1E0-EE2D-453F-976E-C82AA23DFC1B}.Debug|GESBC9G20 (ARMV4I).Build.0 = Debug|GESBC9G20 (ARMV4I)
		{7F19A1E0-EE2D-453F-976E-C82AA23DFC1B}.Debug|GESBC9G20 (ARMV4I).Deploy.0 = Debug|GESBC9G20 (ARMV4I)
		{7F19A1E0-EE2D-453F-976E-C82AA23DFC1B}.Debug|Platform Builder (_TGTCPU).ActiveCfg = Debug|Pocket PC 2003 (ARMV4)
		{7F19A1E0-EE2D-453F-976E-C82AA23DFC1B}.Debug|Pocket PC 2003 (ARMV4).ActiveCfg = Debug|Pocket PC 2003 (ARMV4)
		{7F19A1E0-EE2D-453F-976E-C82AA23DFC1B}.Debug|Pocket PC 2003 (ARMV4).Build.0 = Debug|Pocket PC 2003 (ARMV4)
		{7F19A1E0-EE2D-453F-976E-C82AA23DFC1B}.Debug|Pocket PC 2003 (ARMV4).Deploy.0 = Debug|Pocket PC 2003 (ARMV4)
		{7F19A1E0-EE2D-453F-976E-C82AA23DFC1B}.Debug|Smartphone 2003 (ARMV4).ActiveCfg = Debug|Smartphone 2003 (ARMV4)
		{7F19A1E0-EE2D-453F-976E-C82AA23DFC1B}.Debug|Smartphone 2003 (ARMV4).Build.0 = Debug|Smartphone 2003 (ARMV4)
		{7F19A1E0-EE2D-453F-976E-C82AA23DFC1B}.Debug|Smartphone 2003 (ARMV4).Deploy.0 = Debug|Smartphone 2003 (ARMV4)
		{7F19A1E0-EE2D-453F-976E-C82AA23DFC1B}.Debug|STANDARDSDK_500 (x86).ActiveCfg = Debug|STANDARDSDK_500 (x86)
		{7F19A1E0-EE2D-453F-976E-C82AA23DFC1B}.Debug|STANDARDSDK_500 (x86).Build.0 = Debug|STANDARDSDK_500 (x86)
		{7F19A1E0-EE2D-453F-976E-C82AA23DFC1B}.Debug|STANDARDSDK_500 (x86).Deploy.0 = Debug|STANDARDSDK_500 (x86)
		{7F19A1E0-EE2D-453F-976E-C82AA23DFC1B}.Release|GESBC9G20 (ARMV4I).ActiveCfg = Release|GESBC9G20 (ARMV4I)
		{7F19A1E0-EE2D-453F-976E-C82AA23DFC1B}.Release|GESBC9G20 (ARMV4I).Build.0 = Release|GESBC9G20 (ARMV4I)
		{7F19A1E0-EE2D-453F-976E-C82AA23DFC1B}.Release|GESBC9G20 (ARMV4I).Deploy.0 = Release|GESBC9G20 (ARMV4I)
		{7F19A1E0-EE2D-453F-976E-C82AA23DFC1B}.Release|Platform Builder (_TGTCPU).ActiveCfg = Release|Pocket PC 2003 (ARMV4)
		{7F19A1E0-EE2D-453F-976E-C82AA23DFC1B}.Release|Pocket PC 2003 (ARMV4).ActiveCfg = Release|Pocket PC 2003 (ARMV4)
		{7F19A1E0-EE2D-453F-976E-C82AA23DFC1B}.Release|Pocket PC 2003 (ARMV4).Build.0 = Release|Pocket PC 2003 (ARMV4)
		{7F19A1E0-EE2D-453F-976E-C82AA23DFC1B}.Release|Pocket PC 2003 (ARMV4).Deploy.0 = Release|Pocket PC 2003 (ARMV4)
		{7F19A1E0-EE2D-453F-976E-C82AA23DFC1B}.Release|Smartphone 2003 (ARMV4).ActiveCfg = Release|Smartphone 2003 (ARMV4)
		{7F19A1E0-EE2D-453F-976E-C82AA23DFC1B}.Release|Smartphone 2003 (ARMV4).Build.0 = Release|Smartphone 2003 (ARMV4)
		{7F19A1E0-EE2D-453F-976E-C82AA23DFC1B}.Release|Smartphone 2003 (ARMV4).Deploy.0 = Release|Smartphone 2003 (ARMV4)
		{7F19A1E0-EE2D-453F-976E-C82AA23DFC1B}.Release|STANDARDSDK_500 (x86).ActiveCfg = Release|STANDARDSDK_500 (x86)
		{7F19A1E0-EE2D-453F-976E-C82AA23DFC1B}.Release|STANDARDSDK_500 (x86).Build.0 = Release|STANDARDSDK_500 (x86)
		{7F19A1E0-EE2D-453F-976E-C82AA23DFC1B}.Release|STANDARDSDK_500 (x86).Deploy.0 = Release|STANDARDSDK_500 (x86)
		{BC5D0C3B-F41C-46E5-A177-1E27FDEB61ED}.Debug|GESBC9G20 (ARMV4I).ActiveCfg = Debug|GESBC9G20 (ARMV4I)
		{BC5D0C3B-F41C-46E5-A177-1E27FDEB61ED}.Debug|GESBC9G20 (ARMV4I).Build.0 = Debug|GESBC9G20 (ARMV4I)
		{BC5D0C3B-F41C-46E5-A177-1E27FDEB61ED}.Debug|GESBC9G20 (ARMV4I).Deploy.0 = Debug|GESBC9G20 (ARMV4I)
		{BC5D0C3B-F41C-46E5-A177-1E27FDEB61ED}.Debug|Platform Builder (_TGTCPU).ActiveCfg = Debug|Platform Builder (_TGTCPU)
		{BC5D0C3B-F41C-46E5-A177-1E27FDEB61ED}.Debug|Platform Builder (_TGTCPU).Build.0 = Debug|Platform Builder (_TGTCPU)
		{BC5D0C3B-F41C-46E5-A177-1E27FDEB61ED}.Debug|Platform Builder (_TGTCPU).Deploy.0 = Debug|Platform Builder (_TGTCPU)
		{BC5D0C3B-F41C-46E5-A177-1E27FDEB61ED}.Debug|Pocket PC 2003 (ARMV4).ActiveCfg = Debug|Pocket PC 2003 (ARMV4)
		{BC5D0C3B-F41C-46E5-A177-1E27FDEB61ED}.Debug|Pocket PC 2003 (ARMV4).Build.0 = Debug|Pocket PC 2003 (ARMV4)
		{BC5D0C3B-F41C-46E5-A177-1E27FDEB61ED}.Debug|Pocket PC 2003 (ARMV4).Deploy.0 = Debug|Pocket PC 2003 (ARMV4)
		{BC5D0C3B-F41C-46E5-A177-1E27FDEB61ED}.Debug|Smartphone 2003 (ARMV4).ActiveCfg = Debug|Smartphone 2003 (ARMV4)
		{BC5D0C3B-F41C-46E5-A177-1E27FDEB61ED}.Debug|Smartphone 2003 (ARMV4).Build.0 = Debug|Smartphone 2003 (ARMV4)
		{BC5D0C3B-F41C-46E5-A177-1E27FDEB61ED}.Debug|Smartphone 2003 (ARMV4).Deploy.0 = Debug|Smartphone 2003 (ARMV4)
		{BC5D0C3B-F41C-46E5-A177-1E27FDEB61ED}.Debug|STANDARDSDK_500 (x86).ActiveCfg = Debug|STANDARDSDK_500 (x86)
		{BC5D0C3B-F41C-46E5-A177-1E27FDEB61ED}.Debug|STANDARDSDK_500 (x86).Build.0 = Debug|STANDARDSDK_500 (x86)
		{BC5D0C3B-F41C-46E5-A177-1E27FDEB61ED}.Debug|STANDARDSDK_500 (x86).Deploy.0 = Debug|STANDARDSDK_500 (x86)
		{BC5D0C3B-F41C-46E5-A177-1E27FDEB61ED}.Release|GESBC9G20 (ARMV4I).ActiveCfg = Release|GESBC9G20 (ARMV4I)
		{BC5D0C3B-F41C-46E5-A177-1E27FDEB61ED}.Release|GESBC9G20 (ARMV4I).Build.0 = Release|GESBC9G20 (ARMV4I)
		{BC5D0C3B-F41C-46E5-A177-1E27FDEB61ED}.Release|GESBC9G20 (ARMV4I).Deploy.0 = Release|GESBC9G20 (ARMV4I)
		{BC5D0C3B-F41C-46E5-A177-1E27FDEB61ED}.Release|Platform Builder (_TGTCPU).ActiveCfg = Release|Platform Builder (_TGTCPU)
		{BC5D0C3B-F41C-46E5-A177-1E27FDEB61ED}.Release|Platform Builder (_TGTCPU).Build.0 = Release|Platform Builder (_TGTCPU)
		{BC5D0C3B-F41C-46E5-A177-1E27FDEB61ED}.Release|Platform Builder (_TGTCPU).Deploy.0 = Release|Platform Builder (_TGTCPU)
		{BC5D0C3B-F41C-46E5-A177-1E27FDEB61ED}.Release|Pocket PC 2003 (ARMV4).ActiveCfg = Release|Pocket PC 2003 (ARMV4)
		{BC5D0C3B-F41C-46E5-A177-1E27FDEB61ED}.Release|Pocket PC 2003 (ARMV4).Build.0 = Release|Pocket PC 2003 (ARMV4)
		{BC5D0C3B-F41C-46E5-A177-1E27FDEB61ED}.Release|Pocket PC 2003 (ARMV4).Deploy.0 = Release|Pocket PC 2003 (ARMV4)
		{BC5D0C3B-F41C-46E5-A177-1E27FDEB61ED}.Release|Smartphone 2003 (ARMV4).ActiveCfg = Release|Smartphone 2003 (ARMV4)
		{BC5D0C3B-F41C-46E5-A177-1E27FDEB61ED}.Release|Smartphone 2003 (ARMV4).Build.0 = Release|Smartphone 2003 (ARMV4)
		{BC5D0C3B-F41C-46E5-A177-1E27FDEB61ED}.Release|Smartphone 2003 (ARMV4).Deploy.0 = Release|Smartphone 2003 (ARMV4)
		{BC5D0C3B-F41C-46E5-A177-1E27FDEB61ED}.Release|STANDARDSDK_500 (x86).ActiveCfg = Release|STANDARDSDK_500 (x86)
		{BC5D0C3B-F41C-46E5-A177-1E27FDEB61ED}.Release|STANDARDSDK_500 (x86).Build.0 = Release|STANDARDSDK_500 (x86)
		{BC5D0C3B-F41C-46E5-A177-1E27FDEB61ED}.Release|STANDARDSDK_500 (x86).Deploy.0 = Release|STANDARDSDK_500 (x86)
	EndGlobalSection
	GlobalSection(SolutionProperties) = preSolution
		HideSolutionNode = FALSE
	EndGlobalSection
EndGlobal
